
Microsoft Visual Studio Solution File, Format Version 12.00
# Visual Studio 2012
Project("{FAE04EC0-301F-11D3-BF4B-00C04F79EFBC}") = "KataTrainReservation", "KataTrainReservation.csproj", "{0C69AF52-2564-42C6-B9C1-ABA398CEEE00}"
EndProject
Global
	GlobalSection(SolutionConfigurationPlatforms) = preSolution
		Debug|Any CPU = Debug|Any CPU
		Release|Any CPU = Release|Any CPU
	EndGlobalSection
	GlobalSection(ProjectConfigurationPlatforms) = postSolution
		{0C69AF52-2564-42C6-B9C1-ABA398CEEE00}.Debug|Any CPU.ActiveCfg = Debug|Any CPU
		{0C69AF52-2564-42C6-B9C1-ABA398CEEE00}.Debug|Any CPU.Build.0 = Debug|Any CPU
		{0C69AF52-2564-42C6-B9C1-ABA398CEEE00}.Release|Any CPU.ActiveCfg = Release|Any CPU
		{0C69AF52-2564-42C6-B9C1-ABA398CEEE00}.Release|Any CPU.Build.0 = Release|Any CPU
	EndGlobalSection
	GlobalSection(SolutionProperties) = preSolution
		HideSolutionNode = FALSE
	EndGlobalSection
EndGlobal
